
Microsoft Visual Studio Solution File, Format Version 12.00
# Visual Studio Version 16
VisualStudioVersion = 16.0.31729.503
MinimumVisualStudioVersion = 10.0.40219.1
Project("{FAE04EC0-301F-11D3-BF4B-00C04F79EFBC}") = "LAB02_Install-o-tron", "LAB02_Install-o-tron\LAB02_Install-o-tron.csproj", "{7FA5AE7B-844D-4C41-95F1-A25F8E1BDC9C}"
EndProject
Global
	GlobalSection(SolutionConfigurationPlatforms) = preSolution
		Debug|Any CPU = Debug|Any CPU
		Release|Any CPU = Release|Any CPU
	EndGlobalSection
	GlobalSection(ProjectConfigurationPlatforms) = postSolution
		{7FA5AE7B-844D-4C41-95F1-A25F8E1BDC9C}.Debug|Any CPU.ActiveCfg = Debug|Any CPU
		{7FA5AE7B-844D-4C41-95F1-A25F8E1BDC9C}.Debug|Any CPU.Build.0 = Debug|Any CPU
		{7FA5AE7B-844D-4C41-95F1-A25F8E1BDC9C}.Release|Any CPU.ActiveCfg = Release|Any CPU
		{7FA5AE7B-844D-4C41-95F1-A25F8E1BDC9C}.Release|Any CPU.Build.0 = Release|Any CPU
	EndGlobalSection
	GlobalSection(SolutionProperties) = preSolution
		HideSolutionNode = FALSE
	EndGlobalSection
	GlobalSection(ExtensibilityGlobals) = postSolution
		SolutionGuid = {C47C036A-4153-4FFF-94C7-4363CE1EDBF3}
	EndGlobalSection
	GlobalSection(SubversionScc) = preSolution
		Svn-Managed = True
		Manager = AnkhSVN2019 - Subversion Support for Visual Studio
	EndGlobalSection
EndGlobal
